// !$*UTF8*$!
{
	archiveVersion = 1;
	classes = {
	};
	objectVersion = 55;
	objects = {

/* Begin PBXBuildFile section */
		AF2AC05C28D840F500B0E685 /* ChatRoomViewController.swift in Sources */ = {isa = PBXBuildFile; fileRef = AF2AC05A28D840F500B0E685 /* ChatRoomViewController.swift */; };
		AF2AC05D28D840F500B0E685 /* ChatRoomViewController.xib in Resources */ = {isa = PBXBuildFile; fileRef = AF2AC05B28D840F500B0E685 /* ChatRoomViewController.xib */; };
		AF2AC06128D8824500B0E685 /* ChatTableViewCell.swift in Sources */ = {isa = PBXBuildFile; fileRef = AF2AC05F28D8824500B0E685 /* ChatTableViewCell.swift */; };
		AF2AC06228D8824500B0E685 /* ChatTableViewCell.xib in Resources */ = {isa = PBXBuildFile; fileRef = AF2AC06028D8824500B0E685 /* ChatTableViewCell.xib */; };
		AF9C732428C77C4800DE48A0 /* PhotoCollectionViewCell.swift in Sources */ = {isa = PBXBuildFile; fileRef = AF9C732228C77C4800DE48A0 /* PhotoCollectionViewCell.swift */; };
		AF9C732528C77C4800DE48A0 /* PhotoCollectionViewCell.xib in Resources */ = {isa = PBXBuildFile; fileRef = AF9C732328C77C4800DE48A0 /* PhotoCollectionViewCell.xib */; };
		AFA39B5328C5F53300A2FD5F /* ListComponentViewController.swift in Sources */ = {isa = PBXBuildFile; fileRef = AFA39B5128C5F53300A2FD5F /* ListComponentViewController.swift */; };
		AFA39B5428C5F53300A2FD5F /* ListComponentViewController.xib in Resources */ = {isa = PBXBuildFile; fileRef = AFA39B5228C5F53300A2FD5F /* ListComponentViewController.xib */; };
		AFA39B6028C5FB8200A2FD5F /* ContentComponentTableViewCell.swift in Sources */ = {isa = PBXBuildFile; fileRef = AFA39B5E28C5FB8200A2FD5F /* ContentComponentTableViewCell.swift */; };
		AFA39B6128C5FB8200A2FD5F /* ContentComponentTableViewCell.xib in Resources */ = {isa = PBXBuildFile; fileRef = AFA39B5F28C5FB8200A2FD5F /* ContentComponentTableViewCell.xib */; };
		DB65F28A28BDFF3400218041 /* AppDelegate.swift in Sources */ = {isa = PBXBuildFile; fileRef = DB65F28928BDFF3400218041 /* AppDelegate.swift */; };
		DB65F29328BDFF3700218041 /* Assets.xcassets in Resources */ = {isa = PBXBuildFile; fileRef = DB65F29228BDFF3700218041 /* Assets.xcassets */; };
		DB65F29628BDFF3700218041 /* LaunchScreen.storyboard in Resources */ = {isa = PBXBuildFile; fileRef = DB65F29428BDFF3700218041 /* LaunchScreen.storyboard */; };
		DB65F2A128BE006200218041 /* LandingPageViewController.swift in Sources */ = {isa = PBXBuildFile; fileRef = DB65F29F28BE006200218041 /* LandingPageViewController.swift */; };
		DB65F2A228BE006200218041 /* LandingPageViewController.xib in Resources */ = {isa = PBXBuildFile; fileRef = DB65F2A028BE006200218041 /* LandingPageViewController.xib */; };
		DB6ABA1028BE105C00FB7729 /* UIView.swift in Sources */ = {isa = PBXBuildFile; fileRef = DB6ABA0F28BE105C00FB7729 /* UIView.swift */; };
		DB6ABA1528BE10A900FB7729 /* LabelAndCounterViewController.swift in Sources */ = {isa = PBXBuildFile; fileRef = DB6ABA1328BE10A900FB7729 /* LabelAndCounterViewController.swift */; };
		DB6ABA1628BE10A900FB7729 /* LabelAndCounterViewController.xib in Resources */ = {isa = PBXBuildFile; fileRef = DB6ABA1428BE10A900FB7729 /* LabelAndCounterViewController.xib */; };
		DBA5915228BE1502008F7500 /* ProjectBaseUIView.swift in Sources */ = {isa = PBXBuildFile; fileRef = DBA5915128BE1502008F7500 /* ProjectBaseUIView.swift */; };
		DBB7E44828C5C1EA0085CEDA /* ListClassViewController.swift in Sources */ = {isa = PBXBuildFile; fileRef = DBB7E44628C5C1EA0085CEDA /* ListClassViewController.swift */; };
		DBB7E44928C5C1EA0085CEDA /* ListClassViewController.xib in Resources */ = {isa = PBXBuildFile; fileRef = DBB7E44728C5C1EA0085CEDA /* ListClassViewController.xib */; };
/* End PBXBuildFile section */

/* Begin PBXFileReference section */
		AF2AC05A28D840F500B0E685 /* ChatRoomViewController.swift */ = {isa = PBXFileReference; lastKnownFileType = sourcecode.swift; path = ChatRoomViewController.swift; sourceTree = "<group>"; };
		AF2AC05B28D840F500B0E685 /* ChatRoomViewController.xib */ = {isa = PBXFileReference; lastKnownFileType = file.xib; path = ChatRoomViewController.xib; sourceTree = "<group>"; };
		AF2AC05F28D8824500B0E685 /* ChatTableViewCell.swift */ = {isa = PBXFileReference; lastKnownFileType = sourcecode.swift; path = ChatTableViewCell.swift; sourceTree = "<group>"; };
		AF2AC06028D8824500B0E685 /* ChatTableViewCell.xib */ = {isa = PBXFileReference; lastKnownFileType = file.xib; path = ChatTableViewCell.xib; sourceTree = "<group>"; };
		AF9C732228C77C4800DE48A0 /* PhotoCollectionViewCell.swift */ = {isa = PBXFileReference; lastKnownFileType = sourcecode.swift; path = PhotoCollectionViewCell.swift; sourceTree = "<group>"; };
		AF9C732328C77C4800DE48A0 /* PhotoCollectionViewCell.xib */ = {isa = PBXFileReference; lastKnownFileType = file.xib; path = PhotoCollectionViewCell.xib; sourceTree = "<group>"; };
		AFA39B5128C5F53300A2FD5F /* ListComponentViewController.swift */ = {isa = PBXFileReference; lastKnownFileType = sourcecode.swift; path = ListComponentViewController.swift; sourceTree = "<group>"; };
		AFA39B5228C5F53300A2FD5F /* ListComponentViewController.xib */ = {isa = PBXFileReference; lastKnownFileType = file.xib; path = ListComponentViewController.xib; sourceTree = "<group>"; };
		AFA39B5E28C5FB8200A2FD5F /* ContentComponentTableViewCell.swift */ = {isa = PBXFileReference; lastKnownFileType = sourcecode.swift; path = ContentComponentTableViewCell.swift; sourceTree = "<group>"; };
		AFA39B5F28C5FB8200A2FD5F /* ContentComponentTableViewCell.xib */ = {isa = PBXFileReference; lastKnownFileType = file.xib; path = ContentComponentTableViewCell.xib; sourceTree = "<group>"; };
		DB65F28628BDFF3400218041 /* IntensiveClass.app */ = {isa = PBXFileReference; explicitFileType = wrapper.application; includeInIndex = 0; path = IntensiveClass.app; sourceTree = BUILT_PRODUCTS_DIR; };
		DB65F28928BDFF3400218041 /* AppDelegate.swift */ = {isa = PBXFileReference; lastKnownFileType = sourcecode.swift; path = AppDelegate.swift; sourceTree = "<group>"; };
		DB65F29228BDFF3700218041 /* Assets.xcassets */ = {isa = PBXFileReference; lastKnownFileType = folder.assetcatalog; path = Assets.xcassets; sourceTree = "<group>"; };
		DB65F29528BDFF3700218041 /* Base */ = {isa = PBXFileReference; lastKnownFileType = file.storyboard; name = Base; path = Base.lproj/LaunchScreen.storyboard; sourceTree = "<group>"; };
		DB65F29728BDFF3700218041 /* Info.plist */ = {isa = PBXFileReference; lastKnownFileType = text.plist.xml; path = Info.plist; sourceTree = "<group>"; };
		DB65F29F28BE006200218041 /* LandingPageViewController.swift */ = {isa = PBXFileReference; lastKnownFileType = sourcecode.swift; path = LandingPageViewController.swift; sourceTree = "<group>"; };
		DB65F2A028BE006200218041 /* LandingPageViewController.xib */ = {isa = PBXFileReference; lastKnownFileType = file.xib; path = LandingPageViewController.xib; sourceTree = "<group>"; };
		DB6ABA0F28BE105C00FB7729 /* UIView.swift */ = {isa = PBXFileReference; lastKnownFileType = sourcecode.swift; path = UIView.swift; sourceTree = "<group>"; };
		DB6ABA1328BE10A900FB7729 /* LabelAndCounterViewController.swift */ = {isa = PBXFileReference; lastKnownFileType = sourcecode.swift; path = LabelAndCounterViewController.swift; sourceTree = "<group>"; };
		DB6ABA1428BE10A900FB7729 /* LabelAndCounterViewController.xib */ = {isa = PBXFileReference; lastKnownFileType = file.xib; path = LabelAndCounterViewController.xib; sourceTree = "<group>"; };
		DBA5915128BE1502008F7500 /* ProjectBaseUIView.swift */ = {isa = PBXFileReference; lastKnownFileType = sourcecode.swift; path = ProjectBaseUIView.swift; sourceTree = "<group>"; };
		DBB7E44628C5C1EA0085CEDA /* ListClassViewController.swift */ = {isa = PBXFileReference; lastKnownFileType = sourcecode.swift; path = ListClassViewController.swift; sourceTree = "<group>"; };
		DBB7E44728C5C1EA0085CEDA /* ListClassViewController.xib */ = {isa = PBXFileReference; lastKnownFileType = file.xib; path = ListClassViewController.xib; sourceTree = "<group>"; };
/* End PBXFileReference section */

/* Begin PBXFrameworksBuildPhase section */
		DB65F28328BDFF3400218041 /* Frameworks */ = {
			isa = PBXFrameworksBuildPhase;
			buildActionMask = 2147483647;
			files = (
			);
			runOnlyForDeploymentPostprocessing = 0;
		};
/* End PBXFrameworksBuildPhase section */

/* Begin PBXGroup section */
		AF2AC05928D8402B00B0E685 /* ChatRoom */ = {
			isa = PBXGroup;
			children = (
				AF2AC05E28D8820D00B0E685 /* ChatCell */,
				AF2AC05A28D840F500B0E685 /* ChatRoomViewController.swift */,
				AF2AC05B28D840F500B0E685 /* ChatRoomViewController.xib */,
			);
			path = ChatRoom;
			sourceTree = "<group>";
		};
		AF2AC05E28D8820D00B0E685 /* ChatCell */ = {
			isa = PBXGroup;
			children = (
				AF2AC05F28D8824500B0E685 /* ChatTableViewCell.swift */,
				AF2AC06028D8824500B0E685 /* ChatTableViewCell.xib */,
			);
			path = ChatCell;
			sourceTree = "<group>";
		};
		AF9C732128C77BC500DE48A0 /* PhotoCollectionViewCell */ = {
			isa = PBXGroup;
			children = (
				AF9C732228C77C4800DE48A0 /* PhotoCollectionViewCell.swift */,
				AF9C732328C77C4800DE48A0 /* PhotoCollectionViewCell.xib */,
			);
			path = PhotoCollectionViewCell;
			sourceTree = "<group>";
		};
		AFA39B5028C5F41400A2FD5F /* ListComponentClass */ = {
			isa = PBXGroup;
			children = (
				AFA39B5528C5F7C100A2FD5F /* ContentComponentClass */,
				AFA39B5128C5F53300A2FD5F /* ListComponentViewController.swift */,
				AFA39B5228C5F53300A2FD5F /* ListComponentViewController.xib */,
			);
			path = ListComponentClass;
			sourceTree = "<group>";
		};
		AFA39B5528C5F7C100A2FD5F /* ContentComponentClass */ = {
			isa = PBXGroup;
			children = (
				AF9C732128C77BC500DE48A0 /* PhotoCollectionViewCell */,
				AFA39B5E28C5FB8200A2FD5F /* ContentComponentTableViewCell.swift */,
				AFA39B5F28C5FB8200A2FD5F /* ContentComponentTableViewCell.xib */,
			);
			path = ContentComponentClass;
			sourceTree = "<group>";
		};
		DB65F27D28BDFF3400218041 = {
			isa = PBXGroup;
			children = (
				DB65F28828BDFF3400218041 /* IntensiveClass */,
				DB65F28728BDFF3400218041 /* Products */,
			);
			sourceTree = "<group>";
		};
		DB65F28728BDFF3400218041 /* Products */ = {
			isa = PBXGroup;
			children = (
				DB65F28628BDFF3400218041 /* IntensiveClass.app */,
			);
			name = Products;
			sourceTree = "<group>";
		};
		DB65F28828BDFF3400218041 /* IntensiveClass */ = {
			isa = PBXGroup;
			children = (
				DB6ABA0E28BE104F00FB7729 /* Extension */,
				DB65F29D28BE000600218041 /* Screen */,
				DB6ABA1128BE108400FB7729 /* SharedView */,
				DB65F28928BDFF3400218041 /* AppDelegate.swift */,
				DB65F29228BDFF3700218041 /* Assets.xcassets */,
				DB65F29428BDFF3700218041 /* LaunchScreen.storyboard */,
				DB65F29728BDFF3700218041 /* Info.plist */,
			);
			path = IntensiveClass;
			sourceTree = "<group>";
		};
		DB65F29D28BE000600218041 /* Screen */ = {
			isa = PBXGroup;
			children = (
				AF2AC05928D8402B00B0E685 /* ChatRoom */,
				AFA39B5028C5F41400A2FD5F /* ListComponentClass */,
				DBB7E44528C5C1C50085CEDA /* ListClass */,
				DB65F29E28BE001400218041 /* LandingPage */,
			);
			path = Screen;
			sourceTree = "<group>";
		};
		DB65F29E28BE001400218041 /* LandingPage */ = {
			isa = PBXGroup;
			children = (
				DB65F29F28BE006200218041 /* LandingPageViewController.swift */,
				DB65F2A028BE006200218041 /* LandingPageViewController.xib */,
			);
			path = LandingPage;
			sourceTree = "<group>";
		};
		DB6ABA0E28BE104F00FB7729 /* Extension */ = {
			isa = PBXGroup;
			children = (
				DB6ABA0F28BE105C00FB7729 /* UIView.swift */,
			);
			path = Extension;
			sourceTree = "<group>";
		};
		DB6ABA1128BE108400FB7729 /* SharedView */ = {
			isa = PBXGroup;
			children = (
				DB6ABA1228BE109000FB7729 /* LabelAndCounter */,
				DBA5915128BE1502008F7500 /* ProjectBaseUIView.swift */,
			);
			path = SharedView;
			sourceTree = "<group>";
		};
		DB6ABA1228BE109000FB7729 /* LabelAndCounter */ = {
			isa = PBXGroup;
			children = (
				DB6ABA1328BE10A900FB7729 /* LabelAndCounterViewController.swift */,
				DB6ABA1428BE10A900FB7729 /* LabelAndCounterViewController.xib */,
			);
			path = LabelAndCounter;
			sourceTree = "<group>";
		};
		DBB7E44528C5C1C50085CEDA /* ListClass */ = {
			isa = PBXGroup;
			children = (
				DBB7E44628C5C1EA0085CEDA /* ListClassViewController.swift */,
				DBB7E44728C5C1EA0085CEDA /* ListClassViewController.xib */,
			);
			path = ListClass;
			sourceTree = "<group>";
		};
/* End PBXGroup section */

/* Begin PBXNativeTarget section */
		DB65F28528BDFF3400218041 /* IntensiveClass */ = {
			isa = PBXNativeTarget;
			buildConfigurationList = DB65F29A28BDFF3700218041 /* Build configuration list for PBXNativeTarget "IntensiveClass" */;
			buildPhases = (
				DB65F28228BDFF3400218041 /* Sources */,
				DB65F28328BDFF3400218041 /* Frameworks */,
				DB65F28428BDFF3400218041 /* Resources */,
			);
			buildRules = (
			);
			dependencies = (
			);
			name = IntensiveClass;
			productName = IntensiveClass;
			productReference = DB65F28628BDFF3400218041 /* IntensiveClass.app */;
			productType = "com.apple.product-type.application";
		};
/* End PBXNativeTarget section */

/* Begin PBXProject section */
		DB65F27E28BDFF3400218041 /* Project object */ = {
			isa = PBXProject;
			attributes = {
				BuildIndependentTargetsInParallel = 1;
				LastSwiftUpdateCheck = 1320;
				LastUpgradeCheck = 1320;
				TargetAttributes = {
					DB65F28528BDFF3400218041 = {
						CreatedOnToolsVersion = 13.2.1;
					};
				};
			};
			buildConfigurationList = DB65F28128BDFF3400218041 /* Build configuration list for PBXProject "IntensiveClass" */;
			compatibilityVersion = "Xcode 13.0";
			developmentRegion = en;
			hasScannedForEncodings = 0;
			knownRegions = (
				en,
				Base,
			);
			mainGroup = DB65F27D28BDFF3400218041;
			productRefGroup = DB65F28728BDFF3400218041 /* Products */;
			projectDirPath = "";
			projectRoot = "";
			targets = (
				DB65F28528BDFF3400218041 /* IntensiveClass */,
			);
		};
/* End PBXProject section */

/* Begin PBXResourcesBuildPhase section */
		DB65F28428BDFF3400218041 /* Resources */ = {
			isa = PBXResourcesBuildPhase;
			buildActionMask = 2147483647;
			files = (
				AFA39B6128C5FB8200A2FD5F /* ContentComponentTableViewCell.xib in Resources */,
				AFA39B5428C5F53300A2FD5F /* ListComponentViewController.xib in Resources */,
				AF2AC05D28D840F500B0E685 /* ChatRoomViewController.xib in Resources */,
				DBB7E44928C5C1EA0085CEDA /* ListClassViewController.xib in Resources */,
				DB6ABA1628BE10A900FB7729 /* LabelAndCounterViewController.xib in Resources */,
				DB65F2A228BE006200218041 /* LandingPageViewController.xib in Resources */,
				AF9C732528C77C4800DE48A0 /* PhotoCollectionViewCell.xib in Resources */,
				AF2AC06228D8824500B0E685 /* ChatTableViewCell.xib in Resources */,
				DB65F29628BDFF3700218041 /* LaunchScreen.storyboard in Resources */,
				DB65F29328BDFF3700218041 /* Assets.xcassets in Resources */,
			);
			runOnlyForDeploymentPostprocessing = 0;
		};
/* End PBXResourcesBuildPhase section */

/* Begin PBXSourcesBuildPhase section */
		DB65F28228BDFF3400218041 /* Sources */ = {
			isa = PBXSourcesBuildPhase;
			buildActionMask = 2147483647;
			files = (
				AFA39B5328C5F53300A2FD5F /* ListComponentViewController.swift in Sources */,
				DB6ABA1528BE10A900FB7729 /* LabelAndCounterViewController.swift in Sources */,
				DBA5915228BE1502008F7500 /* ProjectBaseUIView.swift in Sources */,
				DB65F28A28BDFF3400218041 /* AppDelegate.swift in Sources */,
				DB6ABA1028BE105C00FB7729 /* UIView.swift in Sources */,
				AF2AC06128D8824500B0E685 /* ChatTableViewCell.swift in Sources */,
				AF9C732428C77C4800DE48A0 /* PhotoCollectionViewCell.swift in Sources */,
				DB65F2A128BE006200218041 /* LandingPageViewController.swift in Sources */,
				AF2AC05C28D840F500B0E685 /* ChatRoomViewController.swift in Sources */,
				DBB7E44828C5C1EA0085CEDA /* ListClassViewController.swift in Sources */,
				AFA39B6028C5FB8200A2FD5F /* ContentComponentTableViewCell.swift in Sources */,
			);
			runOnlyForDeploymentPostprocessing = 0;
		};
/* End PBXSourcesBuildPhase section */

/* Begin PBXVariantGroup section */
		DB65F29428BDFF3700218041 /* LaunchScreen.storyboard */ = {
			isa = PBXVariantGroup;
			children = (
				DB65F29528BDFF3700218041 /* Base */,
			);
			name = LaunchScreen.storyboard;
			sourceTree = "<group>";
		};
/* End PBXVariantGroup section */

/* Begin XCBuildConfiguration section */
		DB65F29828BDFF3700218041 /* Debug */ = {
			isa = XCBuildConfiguration;
			buildSettings = {
				ALWAYS_SEARCH_USER_PATHS = NO;
				CLANG_ANALYZER_NONNULL = YES;
				CLANG_ANALYZER_NUMBER_OBJECT_CONVERSION = YES_AGGRESSIVE;
				CLANG_CXX_LANGUAGE_STANDARD = "gnu++17";
				CLANG_CXX_LIBRARY = "libc++";
				CLANG_ENABLE_MODULES = YES;
				CLANG_ENABLE_OBJC_ARC = YES;
				CLANG_ENABLE_OBJC_WEAK = YES;
				CLANG_WARN_BLOCK_CAPTURE_AUTORELEASING = YES;
				CLANG_WARN_BOOL_CONVERSION = YES;
				CLANG_WARN_COMMA = YES;
				CLANG_WARN_CONSTANT_CONVERSION = YES;
				CLANG_WARN_DEPRECATED_OBJC_IMPLEMENTATIONS = YES;
				CLANG_WARN_DIRECT_OBJC_ISA_USAGE = YES_ERROR;
				CLANG_WARN_DOCUMENTATION_COMMENTS = YES;
				CLANG_WARN_EMPTY_BODY = YES;
				CLANG_WARN_ENUM_CONVERSION = YES;
				CLANG_WARN_INFINITE_RECURSION = YES;
				CLANG_WARN_INT_CONVERSION = YES;
				CLANG_WARN_NON_LITERAL_NULL_CONVERSION = YES;
				CLANG_WARN_OBJC_IMPLICIT_RETAIN_SELF = YES;
				CLANG_WARN_OBJC_LITERAL_CONVERSION = YES;
				CLANG_WARN_OBJC_ROOT_CLASS = YES_ERROR;
				CLANG_WARN_QUOTED_INCLUDE_IN_FRAMEWORK_HEADER = YES;
				CLANG_WARN_RANGE_LOOP_ANALYSIS = YES;
				CLANG_WARN_STRICT_PROTOTYPES = YES;
				CLANG_WARN_SUSPICIOUS_MOVE = YES;
				CLANG_WARN_UNGUARDED_AVAILABILITY = YES_AGGRESSIVE;
				CLANG_WARN_UNREACHABLE_CODE = YES;
				CLANG_WARN__DUPLICATE_METHOD_MATCH = YES;
				COPY_PHASE_STRIP = NO;
				DEBUG_INFORMATION_FORMAT = dwarf;
				ENABLE_STRICT_OBJC_MSGSEND = YES;
				ENABLE_TESTABILITY = YES;
				GCC_C_LANGUAGE_STANDARD = gnu11;
				GCC_DYNAMIC_NO_PIC = NO;
				GCC_NO_COMMON_BLOCKS = YES;
				GCC_OPTIMIZATION_LEVEL = 0;
				GCC_PREPROCESSOR_DEFINITIONS = (
					"DEBUG=1",
					"$(inherited)",
				);
				GCC_WARN_64_TO_32_BIT_CONVERSION = YES;
				GCC_WARN_ABOUT_RETURN_TYPE = YES_ERROR;
				GCC_WARN_UNDECLARED_SELECTOR = YES;
				GCC_WARN_UNINITIALIZED_AUTOS = YES_AGGRESSIVE;
				GCC_WARN_UNUSED_FUNCTION = YES;
				GCC_WARN_UNUSED_VARIABLE = YES;
				IPHONEOS_DEPLOYMENT_TARGET = 15.2;
				MTL_ENABLE_DEBUG_INFO = INCLUDE_SOURCE;
				MTL_FAST_MATH = YES;
				ONLY_ACTIVE_ARCH = YES;
				SDKROOT = iphoneos;
				SWIFT_ACTIVE_COMPILATION_CONDITIONS = DEBUG;
				SWIFT_OPTIMIZATION_LEVEL = "-Onone";
			};
			name = Debug;
		};
		DB65F29928BDFF3700218041 /* Release */ = {
			isa = XCBuildConfiguration;
			buildSettings = {
				ALWAYS_SEARCH_USER_PATHS = NO;
				CLANG_ANALYZER_NONNULL = YES;
				CLANG_ANALYZER_NUMBER_OBJECT_CONVERSION = YES_AGGRESSIVE;
				CLANG_CXX_LANGUAGE_STANDARD = "gnu++17";
				CLANG_CXX_LIBRARY = "libc++";
				CLANG_ENABLE_MODULES = YES;
				CLANG_ENABLE_OBJC_ARC = YES;
				CLANG_ENABLE_OBJC_WEAK = YES;
				CLANG_WARN_BLOCK_CAPTURE_AUTORELEASING = YES;
				CLANG_WARN_BOOL_CONVERSION = YES;
				CLANG_WARN_COMMA = YES;
				CLANG_WARN_CONSTANT_CONVERSION = YES;
				CLANG_WARN_DEPRECATED_OBJC_IMPLEMENTATIONS = YES;
				CLANG_WARN_DIRECT_OBJC_ISA_USAGE = YES_ERROR;
				CLANG_WARN_DOCUMENTATION_COMMENTS = YES;
				CLANG_WARN_EMPTY_BODY = YES;
				CLANG_WARN_ENUM_CONVERSION = YES;
				CLANG_WARN_INFINITE_RECURSION = YES;
				CLANG_WARN_INT_CONVERSION = YES;
				CLANG_WARN_NON_LITERAL_NULL_CONVERSION = YES;
				CLANG_WARN_OBJC_IMPLICIT_RETAIN_SELF = YES;
				CLANG_WARN_OBJC_LITERAL_CONVERSION = YES;
				CLANG_WARN_OBJC_ROOT_CLASS = YES_ERROR;
				CLANG_WARN_QUOTED_INCLUDE_IN_FRAMEWORK_HEADER = YES;
				CLANG_WARN_RANGE_LOOP_ANALYSIS = YES;
				CLANG_WARN_STRICT_PROTOTYPES = YES;
				CLANG_WARN_SUSPICIOUS_MOVE = YES;
				CLANG_WARN_UNGUARDED_AVAILABILITY = YES_AGGRESSIVE;
				CLANG_WARN_UNREACHABLE_CODE = YES;
				CLANG_WARN__DUPLICATE_METHOD_MATCH = YES;
				COPY_PHASE_STRIP = NO;
				DEBUG_INFORMATION_FORMAT = "dwarf-with-dsym";
				ENABLE_NS_ASSERTIONS = NO;
				ENABLE_STRICT_OBJC_MSGSEND = YES;
				GCC_C_LANGUAGE_STANDARD = gnu11;
				GCC_NO_COMMON_BLOCKS = YES;
				GCC_WARN_64_TO_32_BIT_CONVERSION = YES;
				GCC_WARN_ABOUT_RETURN_TYPE = YES_ERROR;
				GCC_WARN_UNDECLARED_SELECTOR = YES;
				GCC_WARN_UNINITIALIZED_AUTOS = YES_AGGRESSIVE;
				GCC_WARN_UNUSED_FUNCTION = YES;
				GCC_WARN_UNUSED_VARIABLE = YES;
				IPHONEOS_DEPLOYMENT_TARGET = 15.2;
				MTL_ENABLE_DEBUG_INFO = NO;
				MTL_FAST_MATH = YES;
				SDKROOT = iphoneos;
				SWIFT_COMPILATION_MODE = wholemodule;
				SWIFT_OPTIMIZATION_LEVEL = "-O";
				VALIDATE_PRODUCT = YES;
			};
			name = Release;
		};
		DB65F29B28BDFF3700218041 /* Debug */ = {
			isa = XCBuildConfiguration;
			buildSettings = {
				ASSETCATALOG_COMPILER_APPICON_NAME = AppIcon;
				ASSETCATALOG_COMPILER_GLOBAL_ACCENT_COLOR_NAME = AccentColor;
				CODE_SIGN_STYLE = Automatic;
				CURRENT_PROJECT_VERSION = 1;
				DEVELOPMENT_TEAM = P8B979NUW2;
				GENERATE_INFOPLIST_FILE = YES;
				INFOPLIST_FILE = IntensiveClass/Info.plist;
				INFOPLIST_KEY_UIApplicationSupportsIndirectInputEvents = YES;
				INFOPLIST_KEY_UILaunchStoryboardName = LaunchScreen;
				INFOPLIST_KEY_UISupportedInterfaceOrientations_iPad = "UIInterfaceOrientationPortrait UIInterfaceOrientationPortraitUpsideDown UIInterfaceOrientationLandscapeLeft UIInterfaceOrientationLandscapeRight";
				INFOPLIST_KEY_UISupportedInterfaceOrientations_iPhone = "UIInterfaceOrientationPortrait UIInterfaceOrientationLandscapeLeft UIInterfaceOrientationLandscapeRight";
				IPHONEOS_DEPLOYMENT_TARGET = 14.0;
				LD_RUNPATH_SEARCH_PATHS = (
					"$(inherited)",
					"@executable_path/Frameworks",
				);
				MARKETING_VERSION = 1.0;
				PRODUCT_BUNDLE_IDENTIFIER = com.mrhoo.IntensiveClass;
				PRODUCT_NAME = "$(TARGET_NAME)";
				SWIFT_EMIT_LOC_STRINGS = YES;
				SWIFT_VERSION = 5.0;
				TARGETED_DEVICE_FAMILY = "1,2";
			};
			name = Debug;
		};
		DB65F29C28BDFF3700218041 /* Release */ = {
			isa = XCBuildConfiguration;
			buildSettings = {
				ASSETCATALOG_COMPILER_APPICON_NAME = AppIcon;
				ASSETCATALOG_COMPILER_GLOBAL_ACCENT_COLOR_NAME = AccentColor;
				CODE_SIGN_STYLE = Automatic;
				CURRENT_PROJECT_VERSION = 1;
				DEVELOPMENT_TEAM = P8B979NUW2;
				GENERATE_INFOPLIST_FILE = YES;
				INFOPLIST_FILE = IntensiveClass/Info.plist;
				INFOPLIST_KEY_UIApplicationSupportsIndirectInputEvents = YES;
				INFOPLIST_KEY_UILaunchStoryboardName = LaunchScreen;
				INFOPLIST_KEY_UISupportedInterfaceOrientations_iPad = "UIInterfaceOrientationPortrait UIInterfaceOrientationPortraitUpsideDown UIInterfaceOrientationLandscapeLeft UIInterfaceOrientationLandscapeRight";
				INFOPLIST_KEY_UISupportedInterfaceOrientations_iPhone = "UIInterfaceOrientationPortrait UIInterfaceOrientationLandscapeLeft UIInterfaceOrientationLandscapeRight";
				IPHONEOS_DEPLOYMENT_TARGET = 14.0;
				LD_RUNPATH_SEARCH_PATHS = (
					"$(inherited)",
					"@executable_path/Frameworks",
				);
				MARKETING_VERSION = 1.0;
				PRODUCT_BUNDLE_IDENTIFIER = com.mrhoo.IntensiveClass;
				PRODUCT_NAME = "$(TARGET_NAME)";
				SWIFT_EMIT_LOC_STRINGS = YES;
				SWIFT_VERSION = 5.0;
				TARGETED_DEVICE_FAMILY = "1,2";
			};
			name = Release;
		};
/* End XCBuildConfiguration section */

/* Begin XCConfigurationList section */
		DB65F28128BDFF3400218041 /* Build configuration list for PBXProject "IntensiveClass" */ = {
			isa = XCConfigurationList;
			buildConfigurations = (
				DB65F29828BDFF3700218041 /* Debug */,
				DB65F29928BDFF3700218041 /* Release */,
			);
			defaultConfigurationIsVisible = 0;
			defaultConfigurationName = Release;
		};
		DB65F29A28BDFF3700218041 /* Build configuration list for PBXNativeTarget "IntensiveClass" */ = {
			isa = XCConfigurationList;
			buildConfigurations = (
				DB65F29B28BDFF3700218041 /* Debug */,
				DB65F29C28BDFF3700218041 /* Release */,
			);
			defaultConfigurationIsVisible = 0;
			defaultConfigurationName = Release;
		};
/* End XCConfigurationList section */
	};
	rootObject = DB65F27E28BDFF3400218041 /* Project object */;
}
