// !$*UTF8*$!
{
	archiveVersion = 1;
	classes = {
	};
	objectVersion = 55;
	objects = {

/* Begin PBXBuildFile section */
		DB06175A28E448D600C35ADD /* InputFormViewController.swift in Sources */ = {isa = PBXBuildFile; fileRef = DB06175828E448D600C35ADD /* InputFormViewController.swift */; };
		DB06175B28E448D600C35ADD /* InputFormViewController.xib in Resources */ = {isa = PBXBuildFile; fileRef = DB06175928E448D600C35ADD /* InputFormViewController.xib */; };
		DB167897291113B300412A72 /* TableBatchUpdatesViewController.swift in Sources */ = {isa = PBXBuildFile; fileRef = DB167895291113B300412A72 /* TableBatchUpdatesViewController.swift */; };
		DB167898291113B300412A72 /* TableBatchUpdatesViewController.xib in Resources */ = {isa = PBXBuildFile; fileRef = DB167896291113B300412A72 /* TableBatchUpdatesViewController.xib */; };
		DB23B7962918F632005502EA /* DrawLayerViewController.swift in Sources */ = {isa = PBXBuildFile; fileRef = DB23B7942918F632005502EA /* DrawLayerViewController.swift */; };
		DB23B7972918F632005502EA /* DrawLayerViewController.xib in Resources */ = {isa = PBXBuildFile; fileRef = DB23B7952918F632005502EA /* DrawLayerViewController.xib */; };
		DB65F28A28BDFF3400218041 /* AppDelegate.swift in Sources */ = {isa = PBXBuildFile; fileRef = DB65F28928BDFF3400218041 /* AppDelegate.swift */; };
		DB65F29328BDFF3700218041 /* Assets.xcassets in Resources */ = {isa = PBXBuildFile; fileRef = DB65F29228BDFF3700218041 /* Assets.xcassets */; };
		DB65F29628BDFF3700218041 /* LaunchScreen.storyboard in Resources */ = {isa = PBXBuildFile; fileRef = DB65F29428BDFF3700218041 /* LaunchScreen.storyboard */; };
		DB65F2A128BE006200218041 /* LandingPageViewController.swift in Sources */ = {isa = PBXBuildFile; fileRef = DB65F29F28BE006200218041 /* LandingPageViewController.swift */; };
		DB65F2A228BE006200218041 /* LandingPageViewController.xib in Resources */ = {isa = PBXBuildFile; fileRef = DB65F2A028BE006200218041 /* LandingPageViewController.xib */; };
		DB6ABA1028BE105C00FB7729 /* UIView.swift in Sources */ = {isa = PBXBuildFile; fileRef = DB6ABA0F28BE105C00FB7729 /* UIView.swift */; };
		DB6ABA1528BE10A900FB7729 /* LabelAndCounterViewController.swift in Sources */ = {isa = PBXBuildFile; fileRef = DB6ABA1328BE10A900FB7729 /* LabelAndCounterViewController.swift */; };
		DB6ABA1628BE10A900FB7729 /* LabelAndCounterViewController.xib in Resources */ = {isa = PBXBuildFile; fileRef = DB6ABA1428BE10A900FB7729 /* LabelAndCounterViewController.xib */; };
		DBA5915228BE1502008F7500 /* ProjectBaseUIView.swift in Sources */ = {isa = PBXBuildFile; fileRef = DBA5915128BE1502008F7500 /* ProjectBaseUIView.swift */; };
		DBB7E44828C5C1EA0085CEDA /* ListClassViewController.swift in Sources */ = {isa = PBXBuildFile; fileRef = DBB7E44628C5C1EA0085CEDA /* ListClassViewController.swift */; };
		DBB7E44928C5C1EA0085CEDA /* ListClassViewController.xib in Resources */ = {isa = PBXBuildFile; fileRef = DBB7E44728C5C1EA0085CEDA /* ListClassViewController.xib */; };
		DBB7E44E28C5C5240085CEDA /* ListComponentViewController.swift in Sources */ = {isa = PBXBuildFile; fileRef = DBB7E44C28C5C5240085CEDA /* ListComponentViewController.swift */; };
		DBB7E44F28C5C5240085CEDA /* ListComponentViewController.xib in Resources */ = {isa = PBXBuildFile; fileRef = DBB7E44D28C5C5240085CEDA /* ListComponentViewController.xib */; };
		DBB7E45228C5C5610085CEDA /* ListCommentTableCell.swift in Sources */ = {isa = PBXBuildFile; fileRef = DBB7E45028C5C5610085CEDA /* ListCommentTableCell.swift */; };
		DBB7E45328C5C5610085CEDA /* ListCommentTableCell.xib in Resources */ = {isa = PBXBuildFile; fileRef = DBB7E45128C5C5610085CEDA /* ListCommentTableCell.xib */; };
		DBB7E45728C5C8D50085CEDA /* PhotoCollectionCell.swift in Sources */ = {isa = PBXBuildFile; fileRef = DBB7E45528C5C8D50085CEDA /* PhotoCollectionCell.swift */; };
		DBB7E45828C5C8D50085CEDA /* PhotoCollectionCell.xib in Resources */ = {isa = PBXBuildFile; fileRef = DBB7E45628C5C8D50085CEDA /* PhotoCollectionCell.xib */; };
		DBB7E45C28CEE4D10085CEDA /* ChatRoomViewController.swift in Sources */ = {isa = PBXBuildFile; fileRef = DBB7E45A28CEE4D10085CEDA /* ChatRoomViewController.swift */; };
		DBB7E45D28CEE4D10085CEDA /* ChatRoomViewController.xib in Resources */ = {isa = PBXBuildFile; fileRef = DBB7E45B28CEE4D10085CEDA /* ChatRoomViewController.xib */; };
		DBB7E46128CEEE6A0085CEDA /* ChatRoomTableCell.swift in Sources */ = {isa = PBXBuildFile; fileRef = DBB7E45F28CEEE6A0085CEDA /* ChatRoomTableCell.swift */; };
		DBB7E46228CEEE6A0085CEDA /* ChatRoomTableCell.xib in Resources */ = {isa = PBXBuildFile; fileRef = DBB7E46028CEEE6A0085CEDA /* ChatRoomTableCell.xib */; };
		DBF8428C28FEB16200891404 /* OTPPageViewController.swift in Sources */ = {isa = PBXBuildFile; fileRef = DBF8428A28FEB16200891404 /* OTPPageViewController.swift */; };
		DBF8428D28FEB16200891404 /* OTPPageViewController.xib in Resources */ = {isa = PBXBuildFile; fileRef = DBF8428B28FEB16200891404 /* OTPPageViewController.xib */; };
		DBF8428F28FEB30500891404 /* OTPTextField.swift in Sources */ = {isa = PBXBuildFile; fileRef = DBF8428E28FEB30500891404 /* OTPTextField.swift */; };
		DBF8429B29000A4600891404 /* SearchBarViewController.swift in Sources */ = {isa = PBXBuildFile; fileRef = DBF8429929000A4600891404 /* SearchBarViewController.swift */; };
		DBF8429C29000A4600891404 /* SearchBarViewController.xib in Resources */ = {isa = PBXBuildFile; fileRef = DBF8429A29000A4600891404 /* SearchBarViewController.xib */; };
/* End PBXBuildFile section */

/* Begin PBXCopyFilesBuildPhase section */
		DB2AE82B29124978002061A8 /* Embed App Extensions */ = {
			isa = PBXCopyFilesBuildPhase;
			buildActionMask = 2147483647;
			dstPath = "";
			dstSubfolderSpec = 13;
			files = (
			);
			name = "Embed App Extensions";
			runOnlyForDeploymentPostprocessing = 0;
		};
/* End PBXCopyFilesBuildPhase section */

/* Begin PBXFileReference section */
		DB06175828E448D600C35ADD /* InputFormViewController.swift */ = {isa = PBXFileReference; lastKnownFileType = sourcecode.swift; path = InputFormViewController.swift; sourceTree = "<group>"; };
		DB06175928E448D600C35ADD /* InputFormViewController.xib */ = {isa = PBXFileReference; lastKnownFileType = file.xib; path = InputFormViewController.xib; sourceTree = "<group>"; };
		DB167895291113B300412A72 /* TableBatchUpdatesViewController.swift */ = {isa = PBXFileReference; lastKnownFileType = sourcecode.swift; path = TableBatchUpdatesViewController.swift; sourceTree = "<group>"; };
		DB167896291113B300412A72 /* TableBatchUpdatesViewController.xib */ = {isa = PBXFileReference; lastKnownFileType = file.xib; path = TableBatchUpdatesViewController.xib; sourceTree = "<group>"; };
		DB23B7942918F632005502EA /* DrawLayerViewController.swift */ = {isa = PBXFileReference; lastKnownFileType = sourcecode.swift; path = DrawLayerViewController.swift; sourceTree = "<group>"; };
		DB23B7952918F632005502EA /* DrawLayerViewController.xib */ = {isa = PBXFileReference; lastKnownFileType = file.xib; path = DrawLayerViewController.xib; sourceTree = "<group>"; };
		DB65F28628BDFF3400218041 /* IntensiveClass.app */ = {isa = PBXFileReference; explicitFileType = wrapper.application; includeInIndex = 0; path = IntensiveClass.app; sourceTree = BUILT_PRODUCTS_DIR; };
		DB65F28928BDFF3400218041 /* AppDelegate.swift */ = {isa = PBXFileReference; lastKnownFileType = sourcecode.swift; path = AppDelegate.swift; sourceTree = "<group>"; };
		DB65F29228BDFF3700218041 /* Assets.xcassets */ = {isa = PBXFileReference; lastKnownFileType = folder.assetcatalog; path = Assets.xcassets; sourceTree = "<group>"; };
		DB65F29528BDFF3700218041 /* Base */ = {isa = PBXFileReference; lastKnownFileType = file.storyboard; name = Base; path = Base.lproj/LaunchScreen.storyboard; sourceTree = "<group>"; };
		DB65F29728BDFF3700218041 /* Info.plist */ = {isa = PBXFileReference; lastKnownFileType = text.plist.xml; path = Info.plist; sourceTree = "<group>"; };
		DB65F29F28BE006200218041 /* LandingPageViewController.swift */ = {isa = PBXFileReference; lastKnownFileType = sourcecode.swift; path = LandingPageViewController.swift; sourceTree = "<group>"; };
		DB65F2A028BE006200218041 /* LandingPageViewController.xib */ = {isa = PBXFileReference; lastKnownFileType = file.xib; path = LandingPageViewController.xib; sourceTree = "<group>"; };
		DB6ABA0F28BE105C00FB7729 /* UIView.swift */ = {isa = PBXFileReference; lastKnownFileType = sourcecode.swift; path = UIView.swift; sourceTree = "<group>"; };
		DB6ABA1328BE10A900FB7729 /* LabelAndCounterViewController.swift */ = {isa = PBXFileReference; lastKnownFileType = sourcecode.swift; path = LabelAndCounterViewController.swift; sourceTree = "<group>"; };
		DB6ABA1428BE10A900FB7729 /* LabelAndCounterViewController.xib */ = {isa = PBXFileReference; lastKnownFileType = file.xib; path = LabelAndCounterViewController.xib; sourceTree = "<group>"; };
		DBA5915128BE1502008F7500 /* ProjectBaseUIView.swift */ = {isa = PBXFileReference; lastKnownFileType = sourcecode.swift; path = ProjectBaseUIView.swift; sourceTree = "<group>"; };
		DBB7E44628C5C1EA0085CEDA /* ListClassViewController.swift */ = {isa = PBXFileReference; lastKnownFileType = sourcecode.swift; path = ListClassViewController.swift; sourceTree = "<group>"; };
		DBB7E44728C5C1EA0085CEDA /* ListClassViewController.xib */ = {isa = PBXFileReference; lastKnownFileType = file.xib; path = ListClassViewController.xib; sourceTree = "<group>"; };
		DBB7E44C28C5C5240085CEDA /* ListComponentViewController.swift */ = {isa = PBXFileReference; lastKnownFileType = sourcecode.swift; path = ListComponentViewController.swift; sourceTree = "<group>"; };
		DBB7E44D28C5C5240085CEDA /* ListComponentViewController.xib */ = {isa = PBXFileReference; lastKnownFileType = file.xib; path = ListComponentViewController.xib; sourceTree = "<group>"; };
		DBB7E45028C5C5610085CEDA /* ListCommentTableCell.swift */ = {isa = PBXFileReference; lastKnownFileType = sourcecode.swift; path = ListCommentTableCell.swift; sourceTree = "<group>"; };
		DBB7E45128C5C5610085CEDA /* ListCommentTableCell.xib */ = {isa = PBXFileReference; lastKnownFileType = file.xib; path = ListCommentTableCell.xib; sourceTree = "<group>"; };
		DBB7E45528C5C8D50085CEDA /* PhotoCollectionCell.swift */ = {isa = PBXFileReference; lastKnownFileType = sourcecode.swift; path = PhotoCollectionCell.swift; sourceTree = "<group>"; };
		DBB7E45628C5C8D50085CEDA /* PhotoCollectionCell.xib */ = {isa = PBXFileReference; lastKnownFileType = file.xib; path = PhotoCollectionCell.xib; sourceTree = "<group>"; };
		DBB7E45A28CEE4D10085CEDA /* ChatRoomViewController.swift */ = {isa = PBXFileReference; lastKnownFileType = sourcecode.swift; path = ChatRoomViewController.swift; sourceTree = "<group>"; };
		DBB7E45B28CEE4D10085CEDA /* ChatRoomViewController.xib */ = {isa = PBXFileReference; lastKnownFileType = file.xib; path = ChatRoomViewController.xib; sourceTree = "<group>"; };
		DBB7E45F28CEEE6A0085CEDA /* ChatRoomTableCell.swift */ = {isa = PBXFileReference; lastKnownFileType = sourcecode.swift; path = ChatRoomTableCell.swift; sourceTree = "<group>"; };
		DBB7E46028CEEE6A0085CEDA /* ChatRoomTableCell.xib */ = {isa = PBXFileReference; lastKnownFileType = file.xib; path = ChatRoomTableCell.xib; sourceTree = "<group>"; };
		DBF8428A28FEB16200891404 /* OTPPageViewController.swift */ = {isa = PBXFileReference; lastKnownFileType = sourcecode.swift; path = OTPPageViewController.swift; sourceTree = "<group>"; };
		DBF8428B28FEB16200891404 /* OTPPageViewController.xib */ = {isa = PBXFileReference; lastKnownFileType = file.xib; path = OTPPageViewController.xib; sourceTree = "<group>"; };
		DBF8428E28FEB30500891404 /* OTPTextField.swift */ = {isa = PBXFileReference; lastKnownFileType = sourcecode.swift; path = OTPTextField.swift; sourceTree = "<group>"; };
		DBF8429929000A4600891404 /* SearchBarViewController.swift */ = {isa = PBXFileReference; lastKnownFileType = sourcecode.swift; path = SearchBarViewController.swift; sourceTree = "<group>"; };
		DBF8429A29000A4600891404 /* SearchBarViewController.xib */ = {isa = PBXFileReference; lastKnownFileType = file.xib; path = SearchBarViewController.xib; sourceTree = "<group>"; };
/* End PBXFileReference section */

/* Begin PBXFrameworksBuildPhase section */
		DB65F28328BDFF3400218041 /* Frameworks */ = {
			isa = PBXFrameworksBuildPhase;
			buildActionMask = 2147483647;
			files = (
			);
			runOnlyForDeploymentPostprocessing = 0;
		};
/* End PBXFrameworksBuildPhase section */

/* Begin PBXGroup section */
		DB06175728E448B800C35ADD /* InputForm */ = {
			isa = PBXGroup;
			children = (
				DBF8428928FEB14900891404 /* OTPPage */,
				DB06175828E448D600C35ADD /* InputFormViewController.swift */,
				DB06175928E448D600C35ADD /* InputFormViewController.xib */,
			);
			path = InputForm;
			sourceTree = "<group>";
		};
		DB1678942911137800412A72 /* TableBatchUpdates */ = {
			isa = PBXGroup;
			children = (
				DB167895291113B300412A72 /* TableBatchUpdatesViewController.swift */,
				DB167896291113B300412A72 /* TableBatchUpdatesViewController.xib */,
			);
			path = TableBatchUpdates;
			sourceTree = "<group>";
		};
		DB23B7932918F60F005502EA /* DrawLayer */ = {
			isa = PBXGroup;
			children = (
				DB23B7942918F632005502EA /* DrawLayerViewController.swift */,
				DB23B7952918F632005502EA /* DrawLayerViewController.xib */,
			);
			path = DrawLayer;
			sourceTree = "<group>";
		};
		DB65F27D28BDFF3400218041 = {
			isa = PBXGroup;
			children = (
				DB65F28828BDFF3400218041 /* IntensiveClass */,
				DB65F28728BDFF3400218041 /* Products */,
			);
			sourceTree = "<group>";
		};
		DB65F28728BDFF3400218041 /* Products */ = {
			isa = PBXGroup;
			children = (
				DB65F28628BDFF3400218041 /* IntensiveClass.app */,
			);
			name = Products;
			sourceTree = "<group>";
		};
		DB65F28828BDFF3400218041 /* IntensiveClass */ = {
			isa = PBXGroup;
			children = (
				DB6ABA0E28BE104F00FB7729 /* Extension */,
				DB65F29D28BE000600218041 /* Screen */,
				DB6ABA1128BE108400FB7729 /* SharedView */,
				DB65F28928BDFF3400218041 /* AppDelegate.swift */,
				DB65F29228BDFF3700218041 /* Assets.xcassets */,
				DB65F29428BDFF3700218041 /* LaunchScreen.storyboard */,
				DB65F29728BDFF3700218041 /* Info.plist */,
			);
			path = IntensiveClass;
			sourceTree = "<group>";
		};
		DB65F29D28BE000600218041 /* Screen */ = {
			isa = PBXGroup;
			children = (
				DB23B7932918F60F005502EA /* DrawLayer */,
				DB1678942911137800412A72 /* TableBatchUpdates */,
				DBF8429829000A0500891404 /* SearchBar */,
				DB06175728E448B800C35ADD /* InputForm */,
				DBB7E45928CEE4BA0085CEDA /* ChatRoom */,
				DBB7E44A28C5C5070085CEDA /* ListComponent */,
				DBB7E44528C5C1C50085CEDA /* ListClass */,
				DB65F29E28BE001400218041 /* LandingPage */,
			);
			path = Screen;
			sourceTree = "<group>";
		};
		DB65F29E28BE001400218041 /* LandingPage */ = {
			isa = PBXGroup;
			children = (
				DB65F29F28BE006200218041 /* LandingPageViewController.swift */,
				DB65F2A028BE006200218041 /* LandingPageViewController.xib */,
			);
			path = LandingPage;
			sourceTree = "<group>";
		};
		DB6ABA0E28BE104F00FB7729 /* Extension */ = {
			isa = PBXGroup;
			children = (
				DB6ABA0F28BE105C00FB7729 /* UIView.swift */,
				DBF8428E28FEB30500891404 /* OTPTextField.swift */,
			);
			path = Extension;
			sourceTree = "<group>";
		};
		DB6ABA1128BE108400FB7729 /* SharedView */ = {
			isa = PBXGroup;
			children = (
				DB6ABA1228BE109000FB7729 /* LabelAndCounter */,
				DBA5915128BE1502008F7500 /* ProjectBaseUIView.swift */,
			);
			path = SharedView;
			sourceTree = "<group>";
		};
		DB6ABA1228BE109000FB7729 /* LabelAndCounter */ = {
			isa = PBXGroup;
			children = (
				DB6ABA1328BE10A900FB7729 /* LabelAndCounterViewController.swift */,
				DB6ABA1428BE10A900FB7729 /* LabelAndCounterViewController.xib */,
			);
			path = LabelAndCounter;
			sourceTree = "<group>";
		};
		DBB7E44528C5C1C50085CEDA /* ListClass */ = {
			isa = PBXGroup;
			children = (
				DBB7E44628C5C1EA0085CEDA /* ListClassViewController.swift */,
				DBB7E44728C5C1EA0085CEDA /* ListClassViewController.xib */,
			);
			path = ListClass;
			sourceTree = "<group>";
		};
		DBB7E44A28C5C5070085CEDA /* ListComponent */ = {
			isa = PBXGroup;
			children = (
				DBB7E44B28C5C50D0085CEDA /* Cell */,
				DBB7E44C28C5C5240085CEDA /* ListComponentViewController.swift */,
				DBB7E44D28C5C5240085CEDA /* ListComponentViewController.xib */,
			);
			path = ListComponent;
			sourceTree = "<group>";
		};
		DBB7E44B28C5C50D0085CEDA /* Cell */ = {
			isa = PBXGroup;
			children = (
				DBB7E45428C5C6EE0085CEDA /* CollCell */,
				DBB7E45028C5C5610085CEDA /* ListCommentTableCell.swift */,
				DBB7E45128C5C5610085CEDA /* ListCommentTableCell.xib */,
			);
			path = Cell;
			sourceTree = "<group>";
		};
		DBB7E45428C5C6EE0085CEDA /* CollCell */ = {
			isa = PBXGroup;
			children = (
				DBB7E45528C5C8D50085CEDA /* PhotoCollectionCell.swift */,
				DBB7E45628C5C8D50085CEDA /* PhotoCollectionCell.xib */,
			);
			path = CollCell;
			sourceTree = "<group>";
		};
		DBB7E45928CEE4BA0085CEDA /* ChatRoom */ = {
			isa = PBXGroup;
			children = (
				DBB7E45E28CEEE580085CEDA /* Cell */,
				DBB7E45A28CEE4D10085CEDA /* ChatRoomViewController.swift */,
				DBB7E45B28CEE4D10085CEDA /* ChatRoomViewController.xib */,
			);
			path = ChatRoom;
			sourceTree = "<group>";
		};
		DBB7E45E28CEEE580085CEDA /* Cell */ = {
			isa = PBXGroup;
			children = (
				DBB7E45F28CEEE6A0085CEDA /* ChatRoomTableCell.swift */,
				DBB7E46028CEEE6A0085CEDA /* ChatRoomTableCell.xib */,
			);
			path = Cell;
			sourceTree = "<group>";
		};
		DBF8428928FEB14900891404 /* OTPPage */ = {
			isa = PBXGroup;
			children = (
				DBF8428A28FEB16200891404 /* OTPPageViewController.swift */,
				DBF8428B28FEB16200891404 /* OTPPageViewController.xib */,
			);
			path = OTPPage;
			sourceTree = "<group>";
		};
		DBF8429829000A0500891404 /* SearchBar */ = {
			isa = PBXGroup;
			children = (
				DBF8429929000A4600891404 /* SearchBarViewController.swift */,
				DBF8429A29000A4600891404 /* SearchBarViewController.xib */,
			);
			path = SearchBar;
			sourceTree = "<group>";
		};
/* End PBXGroup section */

/* Begin PBXNativeTarget section */
		DB65F28528BDFF3400218041 /* IntensiveClass */ = {
			isa = PBXNativeTarget;
			buildConfigurationList = DB65F29A28BDFF3700218041 /* Build configuration list for PBXNativeTarget "IntensiveClass" */;
			buildPhases = (
				DB65F28228BDFF3400218041 /* Sources */,
				DB65F28328BDFF3400218041 /* Frameworks */,
				DB65F28428BDFF3400218041 /* Resources */,
				DB2AE82B29124978002061A8 /* Embed App Extensions */,
			);
			buildRules = (
			);
			dependencies = (
			);
			name = IntensiveClass;
			productName = IntensiveClass;
			productReference = DB65F28628BDFF3400218041 /* IntensiveClass.app */;
			productType = "com.apple.product-type.application";
		};
/* End PBXNativeTarget section */

/* Begin PBXProject section */
		DB65F27E28BDFF3400218041 /* Project object */ = {
			isa = PBXProject;
			attributes = {
				BuildIndependentTargetsInParallel = 1;
				LastSwiftUpdateCheck = 1320;
				LastUpgradeCheck = 1320;
				TargetAttributes = {
					DB65F28528BDFF3400218041 = {
						CreatedOnToolsVersion = 13.2.1;
					};
				};
			};
			buildConfigurationList = DB65F28128BDFF3400218041 /* Build configuration list for PBXProject "IntensiveClass" */;
			compatibilityVersion = "Xcode 13.0";
			developmentRegion = en;
			hasScannedForEncodings = 0;
			knownRegions = (
				en,
				Base,
			);
			mainGroup = DB65F27D28BDFF3400218041;
			productRefGroup = DB65F28728BDFF3400218041 /* Products */;
			projectDirPath = "";
			projectRoot = "";
			targets = (
				DB65F28528BDFF3400218041 /* IntensiveClass */,
			);
		};
/* End PBXProject section */

/* Begin PBXResourcesBuildPhase section */
		DB65F28428BDFF3400218041 /* Resources */ = {
			isa = PBXResourcesBuildPhase;
			buildActionMask = 2147483647;
			files = (
				DBB7E44928C5C1EA0085CEDA /* ListClassViewController.xib in Resources */,
				DBF8428D28FEB16200891404 /* OTPPageViewController.xib in Resources */,
				DB6ABA1628BE10A900FB7729 /* LabelAndCounterViewController.xib in Resources */,
				DBB7E45D28CEE4D10085CEDA /* ChatRoomViewController.xib in Resources */,
				DB06175B28E448D600C35ADD /* InputFormViewController.xib in Resources */,
				DB65F2A228BE006200218041 /* LandingPageViewController.xib in Resources */,
				DBB7E44F28C5C5240085CEDA /* ListComponentViewController.xib in Resources */,
				DB167898291113B300412A72 /* TableBatchUpdatesViewController.xib in Resources */,
				DB23B7972918F632005502EA /* DrawLayerViewController.xib in Resources */,
				DB65F29628BDFF3700218041 /* LaunchScreen.storyboard in Resources */,
				DB65F29328BDFF3700218041 /* Assets.xcassets in Resources */,
				DBB7E45828C5C8D50085CEDA /* PhotoCollectionCell.xib in Resources */,
				DBB7E45328C5C5610085CEDA /* ListCommentTableCell.xib in Resources */,
				DBF8429C29000A4600891404 /* SearchBarViewController.xib in Resources */,
				DBB7E46228CEEE6A0085CEDA /* ChatRoomTableCell.xib in Resources */,
			);
			runOnlyForDeploymentPostprocessing = 0;
		};
/* End PBXResourcesBuildPhase section */

/* Begin PBXSourcesBuildPhase section */
		DB65F28228BDFF3400218041 /* Sources */ = {
			isa = PBXSourcesBuildPhase;
			buildActionMask = 2147483647;
			files = (
				DB23B7962918F632005502EA /* DrawLayerViewController.swift in Sources */,
				DB6ABA1528BE10A900FB7729 /* LabelAndCounterViewController.swift in Sources */,
				DBF8428F28FEB30500891404 /* OTPTextField.swift in Sources */,
				DBB7E44E28C5C5240085CEDA /* ListComponentViewController.swift in Sources */,
				DBB7E46128CEEE6A0085CEDA /* ChatRoomTableCell.swift in Sources */,
				DBA5915228BE1502008F7500 /* ProjectBaseUIView.swift in Sources */,
				DBB7E45728C5C8D50085CEDA /* PhotoCollectionCell.swift in Sources */,
				DB65F28A28BDFF3400218041 /* AppDelegate.swift in Sources */,
				DBB7E45228C5C5610085CEDA /* ListCommentTableCell.swift in Sources */,
				DB06175A28E448D600C35ADD /* InputFormViewController.swift in Sources */,
				DBF8428C28FEB16200891404 /* OTPPageViewController.swift in Sources */,
				DB6ABA1028BE105C00FB7729 /* UIView.swift in Sources */,
				DBF8429B29000A4600891404 /* SearchBarViewController.swift in Sources */,
				DBB7E45C28CEE4D10085CEDA /* ChatRoomViewController.swift in Sources */,
				DB65F2A128BE006200218041 /* LandingPageViewController.swift in Sources */,
				DBB7E44828C5C1EA0085CEDA /* ListClassViewController.swift in Sources */,
				DB167897291113B300412A72 /* TableBatchUpdatesViewController.swift in Sources */,
			);
			runOnlyForDeploymentPostprocessing = 0;
		};
/* End PBXSourcesBuildPhase section */

/* Begin PBXVariantGroup section */
		DB65F29428BDFF3700218041 /* LaunchScreen.storyboard */ = {
			isa = PBXVariantGroup;
			children = (
				DB65F29528BDFF3700218041 /* Base */,
			);
			name = LaunchScreen.storyboard;
			sourceTree = "<group>";
		};
/* End PBXVariantGroup section */

/* Begin XCBuildConfiguration section */
		DB2AE83029124E79002061A8 /* Staging Debug */ = {
			isa = XCBuildConfiguration;
			buildSettings = {
				ALWAYS_SEARCH_USER_PATHS = NO;
				CLANG_ANALYZER_NONNULL = YES;
				CLANG_ANALYZER_NUMBER_OBJECT_CONVERSION = YES_AGGRESSIVE;
				CLANG_CXX_LANGUAGE_STANDARD = "gnu++17";
				CLANG_CXX_LIBRARY = "libc++";
				CLANG_ENABLE_MODULES = YES;
				CLANG_ENABLE_OBJC_ARC = YES;
				CLANG_ENABLE_OBJC_WEAK = YES;
				CLANG_WARN_BLOCK_CAPTURE_AUTORELEASING = YES;
				CLANG_WARN_BOOL_CONVERSION = YES;
				CLANG_WARN_COMMA = YES;
				CLANG_WARN_CONSTANT_CONVERSION = YES;
				CLANG_WARN_DEPRECATED_OBJC_IMPLEMENTATIONS = YES;
				CLANG_WARN_DIRECT_OBJC_ISA_USAGE = YES_ERROR;
				CLANG_WARN_DOCUMENTATION_COMMENTS = YES;
				CLANG_WARN_EMPTY_BODY = YES;
				CLANG_WARN_ENUM_CONVERSION = YES;
				CLANG_WARN_INFINITE_RECURSION = YES;
				CLANG_WARN_INT_CONVERSION = YES;
				CLANG_WARN_NON_LITERAL_NULL_CONVERSION = YES;
				CLANG_WARN_OBJC_IMPLICIT_RETAIN_SELF = YES;
				CLANG_WARN_OBJC_LITERAL_CONVERSION = YES;
				CLANG_WARN_OBJC_ROOT_CLASS = YES_ERROR;
				CLANG_WARN_QUOTED_INCLUDE_IN_FRAMEWORK_HEADER = YES;
				CLANG_WARN_RANGE_LOOP_ANALYSIS = YES;
				CLANG_WARN_STRICT_PROTOTYPES = YES;
				CLANG_WARN_SUSPICIOUS_MOVE = YES;
				CLANG_WARN_UNGUARDED_AVAILABILITY = YES_AGGRESSIVE;
				CLANG_WARN_UNREACHABLE_CODE = YES;
				CLANG_WARN__DUPLICATE_METHOD_MATCH = YES;
				COPY_PHASE_STRIP = NO;
				DEBUG_INFORMATION_FORMAT = dwarf;
				ENABLE_STRICT_OBJC_MSGSEND = YES;
				ENABLE_TESTABILITY = YES;
				GCC_C_LANGUAGE_STANDARD = gnu11;
				GCC_DYNAMIC_NO_PIC = NO;
				GCC_NO_COMMON_BLOCKS = YES;
				GCC_OPTIMIZATION_LEVEL = 0;
				GCC_PREPROCESSOR_DEFINITIONS = (
					"DEBUG=1",
					"$(inherited)",
				);
				GCC_WARN_64_TO_32_BIT_CONVERSION = YES;
				GCC_WARN_ABOUT_RETURN_TYPE = YES_ERROR;
				GCC_WARN_UNDECLARED_SELECTOR = YES;
				GCC_WARN_UNINITIALIZED_AUTOS = YES_AGGRESSIVE;
				GCC_WARN_UNUSED_FUNCTION = YES;
				GCC_WARN_UNUSED_VARIABLE = YES;
				IPHONEOS_DEPLOYMENT_TARGET = 15.2;
				MTL_ENABLE_DEBUG_INFO = INCLUDE_SOURCE;
				MTL_FAST_MATH = YES;
				ONLY_ACTIVE_ARCH = YES;
				SDKROOT = iphoneos;
				SWIFT_ACTIVE_COMPILATION_CONDITIONS = DEBUG;
				SWIFT_OPTIMIZATION_LEVEL = "-Onone";
			};
			name = "Staging Debug";
		};
		DB2AE83129124E79002061A8 /* Staging Debug */ = {
			isa = XCBuildConfiguration;
			buildSettings = {
				ALWAYS_EMBED_SWIFT_STANDARD_LIBRARIES = YES;
				ASSETCATALOG_COMPILER_APPICON_NAME = AppIcon;
				ASSETCATALOG_COMPILER_GLOBAL_ACCENT_COLOR_NAME = AccentColor;
				CODE_SIGN_STYLE = Automatic;
				CURRENT_PROJECT_VERSION = 1;
				DEVELOPMENT_TEAM = P8B979NUW2;
				GENERATE_INFOPLIST_FILE = YES;
				INFOPLIST_FILE = IntensiveClass/Info.plist;
				INFOPLIST_KEY_UIApplicationSupportsIndirectInputEvents = YES;
				INFOPLIST_KEY_UILaunchStoryboardName = LaunchScreen;
				INFOPLIST_KEY_UISupportedInterfaceOrientations_iPad = "UIInterfaceOrientationPortrait UIInterfaceOrientationPortraitUpsideDown UIInterfaceOrientationLandscapeLeft UIInterfaceOrientationLandscapeRight";
				INFOPLIST_KEY_UISupportedInterfaceOrientations_iPhone = "UIInterfaceOrientationPortrait UIInterfaceOrientationLandscapeLeft UIInterfaceOrientationLandscapeRight";
				IPHONEOS_DEPLOYMENT_TARGET = 14.0;
				LD_RUNPATH_SEARCH_PATHS = (
					"$(inherited)",
					"@executable_path/Frameworks",
				);
				MARKETING_VERSION = 1.0;
				PRODUCT_BUNDLE_IDENTIFIER = com.mrhoo.IntensiveClass;
				PRODUCT_NAME = "$(TARGET_NAME)";
				SWIFT_ACTIVE_COMPILATION_CONDITIONS = "DEBUG STAGING";
				SWIFT_EMIT_LOC_STRINGS = YES;
				SWIFT_VERSION = 5.0;
				TARGETED_DEVICE_FAMILY = "1,2";
			};
			name = "Staging Debug";
		};
		DB2AE83229124E94002061A8 /* Staging Release */ = {
			isa = XCBuildConfiguration;
			buildSettings = {
				ALWAYS_SEARCH_USER_PATHS = NO;
				CLANG_ANALYZER_NONNULL = YES;
				CLANG_ANALYZER_NUMBER_OBJECT_CONVERSION = YES_AGGRESSIVE;
				CLANG_CXX_LANGUAGE_STANDARD = "gnu++17";
				CLANG_CXX_LIBRARY = "libc++";
				CLANG_ENABLE_MODULES = YES;
				CLANG_ENABLE_OBJC_ARC = YES;
				CLANG_ENABLE_OBJC_WEAK = YES;
				CLANG_WARN_BLOCK_CAPTURE_AUTORELEASING = YES;
				CLANG_WARN_BOOL_CONVERSION = YES;
				CLANG_WARN_COMMA = YES;
				CLANG_WARN_CONSTANT_CONVERSION = YES;
				CLANG_WARN_DEPRECATED_OBJC_IMPLEMENTATIONS = YES;
				CLANG_WARN_DIRECT_OBJC_ISA_USAGE = YES_ERROR;
				CLANG_WARN_DOCUMENTATION_COMMENTS = YES;
				CLANG_WARN_EMPTY_BODY = YES;
				CLANG_WARN_ENUM_CONVERSION = YES;
				CLANG_WARN_INFINITE_RECURSION = YES;
				CLANG_WARN_INT_CONVERSION = YES;
				CLANG_WARN_NON_LITERAL_NULL_CONVERSION = YES;
				CLANG_WARN_OBJC_IMPLICIT_RETAIN_SELF = YES;
				CLANG_WARN_OBJC_LITERAL_CONVERSION = YES;
				CLANG_WARN_OBJC_ROOT_CLASS = YES_ERROR;
				CLANG_WARN_QUOTED_INCLUDE_IN_FRAMEWORK_HEADER = YES;
				CLANG_WARN_RANGE_LOOP_ANALYSIS = YES;
				CLANG_WARN_STRICT_PROTOTYPES = YES;
				CLANG_WARN_SUSPICIOUS_MOVE = YES;
				CLANG_WARN_UNGUARDED_AVAILABILITY = YES_AGGRESSIVE;
				CLANG_WARN_UNREACHABLE_CODE = YES;
				CLANG_WARN__DUPLICATE_METHOD_MATCH = YES;
				COPY_PHASE_STRIP = NO;
				DEBUG_INFORMATION_FORMAT = "dwarf-with-dsym";
				ENABLE_NS_ASSERTIONS = NO;
				ENABLE_STRICT_OBJC_MSGSEND = YES;
				GCC_C_LANGUAGE_STANDARD = gnu11;
				GCC_NO_COMMON_BLOCKS = YES;
				GCC_WARN_64_TO_32_BIT_CONVERSION = YES;
				GCC_WARN_ABOUT_RETURN_TYPE = YES_ERROR;
				GCC_WARN_UNDECLARED_SELECTOR = YES;
				GCC_WARN_UNINITIALIZED_AUTOS = YES_AGGRESSIVE;
				GCC_WARN_UNUSED_FUNCTION = YES;
				GCC_WARN_UNUSED_VARIABLE = YES;
				IPHONEOS_DEPLOYMENT_TARGET = 15.2;
				MTL_ENABLE_DEBUG_INFO = NO;
				MTL_FAST_MATH = YES;
				SDKROOT = iphoneos;
				SWIFT_COMPILATION_MODE = wholemodule;
				SWIFT_OPTIMIZATION_LEVEL = "-O";
				VALIDATE_PRODUCT = YES;
			};
			name = "Staging Release";
		};
		DB2AE83329124E94002061A8 /* Staging Release */ = {
			isa = XCBuildConfiguration;
			buildSettings = {
				ALWAYS_EMBED_SWIFT_STANDARD_LIBRARIES = YES;
				ASSETCATALOG_COMPILER_APPICON_NAME = AppIcon;
				ASSETCATALOG_COMPILER_GLOBAL_ACCENT_COLOR_NAME = AccentColor;
				CODE_SIGN_STYLE = Automatic;
				CURRENT_PROJECT_VERSION = 1;
				DEVELOPMENT_TEAM = P8B979NUW2;
				GENERATE_INFOPLIST_FILE = YES;
				INFOPLIST_FILE = IntensiveClass/Info.plist;
				INFOPLIST_KEY_UIApplicationSupportsIndirectInputEvents = YES;
				INFOPLIST_KEY_UILaunchStoryboardName = LaunchScreen;
				INFOPLIST_KEY_UISupportedInterfaceOrientations_iPad = "UIInterfaceOrientationPortrait UIInterfaceOrientationPortraitUpsideDown UIInterfaceOrientationLandscapeLeft UIInterfaceOrientationLandscapeRight";
				INFOPLIST_KEY_UISupportedInterfaceOrientations_iPhone = "UIInterfaceOrientationPortrait UIInterfaceOrientationLandscapeLeft UIInterfaceOrientationLandscapeRight";
				IPHONEOS_DEPLOYMENT_TARGET = 14.0;
				LD_RUNPATH_SEARCH_PATHS = (
					"$(inherited)",
					"@executable_path/Frameworks",
				);
				MARKETING_VERSION = 1.0;
				PRODUCT_BUNDLE_IDENTIFIER = com.mrhoo.IntensiveClass;
				PRODUCT_NAME = "$(TARGET_NAME)";
				SWIFT_ACTIVE_COMPILATION_CONDITIONS = "RELEASE STAGING";
				SWIFT_EMIT_LOC_STRINGS = YES;
				SWIFT_VERSION = 5.0;
				TARGETED_DEVICE_FAMILY = "1,2";
			};
			name = "Staging Release";
		};
		DB65F29828BDFF3700218041 /* Development Debug */ = {
			isa = XCBuildConfiguration;
			buildSettings = {
				ALWAYS_SEARCH_USER_PATHS = NO;
				CLANG_ANALYZER_NONNULL = YES;
				CLANG_ANALYZER_NUMBER_OBJECT_CONVERSION = YES_AGGRESSIVE;
				CLANG_CXX_LANGUAGE_STANDARD = "gnu++17";
				CLANG_CXX_LIBRARY = "libc++";
				CLANG_ENABLE_MODULES = YES;
				CLANG_ENABLE_OBJC_ARC = YES;
				CLANG_ENABLE_OBJC_WEAK = YES;
				CLANG_WARN_BLOCK_CAPTURE_AUTORELEASING = YES;
				CLANG_WARN_BOOL_CONVERSION = YES;
				CLANG_WARN_COMMA = YES;
				CLANG_WARN_CONSTANT_CONVERSION = YES;
				CLANG_WARN_DEPRECATED_OBJC_IMPLEMENTATIONS = YES;
				CLANG_WARN_DIRECT_OBJC_ISA_USAGE = YES_ERROR;
				CLANG_WARN_DOCUMENTATION_COMMENTS = YES;
				CLANG_WARN_EMPTY_BODY = YES;
				CLANG_WARN_ENUM_CONVERSION = YES;
				CLANG_WARN_INFINITE_RECURSION = YES;
				CLANG_WARN_INT_CONVERSION = YES;
				CLANG_WARN_NON_LITERAL_NULL_CONVERSION = YES;
				CLANG_WARN_OBJC_IMPLICIT_RETAIN_SELF = YES;
				CLANG_WARN_OBJC_LITERAL_CONVERSION = YES;
				CLANG_WARN_OBJC_ROOT_CLASS = YES_ERROR;
				CLANG_WARN_QUOTED_INCLUDE_IN_FRAMEWORK_HEADER = YES;
				CLANG_WARN_RANGE_LOOP_ANALYSIS = YES;
				CLANG_WARN_STRICT_PROTOTYPES = YES;
				CLANG_WARN_SUSPICIOUS_MOVE = YES;
				CLANG_WARN_UNGUARDED_AVAILABILITY = YES_AGGRESSIVE;
				CLANG_WARN_UNREACHABLE_CODE = YES;
				CLANG_WARN__DUPLICATE_METHOD_MATCH = YES;
				COPY_PHASE_STRIP = NO;
				DEBUG_INFORMATION_FORMAT = dwarf;
				ENABLE_STRICT_OBJC_MSGSEND = YES;
				ENABLE_TESTABILITY = YES;
				GCC_C_LANGUAGE_STANDARD = gnu11;
				GCC_DYNAMIC_NO_PIC = NO;
				GCC_NO_COMMON_BLOCKS = YES;
				GCC_OPTIMIZATION_LEVEL = 0;
				GCC_PREPROCESSOR_DEFINITIONS = (
					"DEBUG=1",
					"$(inherited)",
				);
				GCC_WARN_64_TO_32_BIT_CONVERSION = YES;
				GCC_WARN_ABOUT_RETURN_TYPE = YES_ERROR;
				GCC_WARN_UNDECLARED_SELECTOR = YES;
				GCC_WARN_UNINITIALIZED_AUTOS = YES_AGGRESSIVE;
				GCC_WARN_UNUSED_FUNCTION = YES;
				GCC_WARN_UNUSED_VARIABLE = YES;
				IPHONEOS_DEPLOYMENT_TARGET = 15.2;
				MTL_ENABLE_DEBUG_INFO = INCLUDE_SOURCE;
				MTL_FAST_MATH = YES;
				ONLY_ACTIVE_ARCH = YES;
				SDKROOT = iphoneos;
				SWIFT_ACTIVE_COMPILATION_CONDITIONS = DEBUG;
				SWIFT_OPTIMIZATION_LEVEL = "-Onone";
			};
			name = "Development Debug";
		};
		DB65F29928BDFF3700218041 /* Development Release */ = {
			isa = XCBuildConfiguration;
			buildSettings = {
				ALWAYS_SEARCH_USER_PATHS = NO;
				CLANG_ANALYZER_NONNULL = YES;
				CLANG_ANALYZER_NUMBER_OBJECT_CONVERSION = YES_AGGRESSIVE;
				CLANG_CXX_LANGUAGE_STANDARD = "gnu++17";
				CLANG_CXX_LIBRARY = "libc++";
				CLANG_ENABLE_MODULES = YES;
				CLANG_ENABLE_OBJC_ARC = YES;
				CLANG_ENABLE_OBJC_WEAK = YES;
				CLANG_WARN_BLOCK_CAPTURE_AUTORELEASING = YES;
				CLANG_WARN_BOOL_CONVERSION = YES;
				CLANG_WARN_COMMA = YES;
				CLANG_WARN_CONSTANT_CONVERSION = YES;
				CLANG_WARN_DEPRECATED_OBJC_IMPLEMENTATIONS = YES;
				CLANG_WARN_DIRECT_OBJC_ISA_USAGE = YES_ERROR;
				CLANG_WARN_DOCUMENTATION_COMMENTS = YES;
				CLANG_WARN_EMPTY_BODY = YES;
				CLANG_WARN_ENUM_CONVERSION = YES;
				CLANG_WARN_INFINITE_RECURSION = YES;
				CLANG_WARN_INT_CONVERSION = YES;
				CLANG_WARN_NON_LITERAL_NULL_CONVERSION = YES;
				CLANG_WARN_OBJC_IMPLICIT_RETAIN_SELF = YES;
				CLANG_WARN_OBJC_LITERAL_CONVERSION = YES;
				CLANG_WARN_OBJC_ROOT_CLASS = YES_ERROR;
				CLANG_WARN_QUOTED_INCLUDE_IN_FRAMEWORK_HEADER = YES;
				CLANG_WARN_RANGE_LOOP_ANALYSIS = YES;
				CLANG_WARN_STRICT_PROTOTYPES = YES;
				CLANG_WARN_SUSPICIOUS_MOVE = YES;
				CLANG_WARN_UNGUARDED_AVAILABILITY = YES_AGGRESSIVE;
				CLANG_WARN_UNREACHABLE_CODE = YES;
				CLANG_WARN__DUPLICATE_METHOD_MATCH = YES;
				COPY_PHASE_STRIP = NO;
				DEBUG_INFORMATION_FORMAT = "dwarf-with-dsym";
				ENABLE_NS_ASSERTIONS = NO;
				ENABLE_STRICT_OBJC_MSGSEND = YES;
				GCC_C_LANGUAGE_STANDARD = gnu11;
				GCC_NO_COMMON_BLOCKS = YES;
				GCC_WARN_64_TO_32_BIT_CONVERSION = YES;
				GCC_WARN_ABOUT_RETURN_TYPE = YES_ERROR;
				GCC_WARN_UNDECLARED_SELECTOR = YES;
				GCC_WARN_UNINITIALIZED_AUTOS = YES_AGGRESSIVE;
				GCC_WARN_UNUSED_FUNCTION = YES;
				GCC_WARN_UNUSED_VARIABLE = YES;
				IPHONEOS_DEPLOYMENT_TARGET = 15.2;
				MTL_ENABLE_DEBUG_INFO = NO;
				MTL_FAST_MATH = YES;
				SDKROOT = iphoneos;
				SWIFT_COMPILATION_MODE = wholemodule;
				SWIFT_OPTIMIZATION_LEVEL = "-O";
				VALIDATE_PRODUCT = YES;
			};
			name = "Development Release";
		};
		DB65F29B28BDFF3700218041 /* Development Debug */ = {
			isa = XCBuildConfiguration;
			buildSettings = {
				ALWAYS_EMBED_SWIFT_STANDARD_LIBRARIES = YES;
				ASSETCATALOG_COMPILER_APPICON_NAME = AppIcon;
				ASSETCATALOG_COMPILER_GLOBAL_ACCENT_COLOR_NAME = AccentColor;
				CODE_SIGN_STYLE = Automatic;
				CURRENT_PROJECT_VERSION = 1;
				DEVELOPMENT_TEAM = P8B979NUW2;
				GENERATE_INFOPLIST_FILE = YES;
				INFOPLIST_FILE = IntensiveClass/Info.plist;
				INFOPLIST_KEY_UIApplicationSupportsIndirectInputEvents = YES;
				INFOPLIST_KEY_UILaunchStoryboardName = LaunchScreen;
				INFOPLIST_KEY_UISupportedInterfaceOrientations_iPad = "UIInterfaceOrientationPortrait UIInterfaceOrientationPortraitUpsideDown UIInterfaceOrientationLandscapeLeft UIInterfaceOrientationLandscapeRight";
				INFOPLIST_KEY_UISupportedInterfaceOrientations_iPhone = "UIInterfaceOrientationPortrait UIInterfaceOrientationLandscapeLeft UIInterfaceOrientationLandscapeRight";
				IPHONEOS_DEPLOYMENT_TARGET = 14.0;
				LD_RUNPATH_SEARCH_PATHS = (
					"$(inherited)",
					"@executable_path/Frameworks",
				);
				MARKETING_VERSION = 1.0;
				PRODUCT_BUNDLE_IDENTIFIER = com.mrhoo.IntensiveClass;
				PRODUCT_NAME = "$(TARGET_NAME)";
				SWIFT_ACTIVE_COMPILATION_CONDITIONS = "DEBUG DEVELOPMENT";
				SWIFT_EMIT_LOC_STRINGS = YES;
				SWIFT_VERSION = 5.0;
				TARGETED_DEVICE_FAMILY = "1,2";
			};
			name = "Development Debug";
		};
		DB65F29C28BDFF3700218041 /* Development Release */ = {
			isa = XCBuildConfiguration;
			buildSettings = {
				ALWAYS_EMBED_SWIFT_STANDARD_LIBRARIES = YES;
				ASSETCATALOG_COMPILER_APPICON_NAME = AppIcon;
				ASSETCATALOG_COMPILER_GLOBAL_ACCENT_COLOR_NAME = AccentColor;
				CODE_SIGN_STYLE = Automatic;
				CURRENT_PROJECT_VERSION = 1;
				DEVELOPMENT_TEAM = P8B979NUW2;
				GENERATE_INFOPLIST_FILE = YES;
				INFOPLIST_FILE = IntensiveClass/Info.plist;
				INFOPLIST_KEY_UIApplicationSupportsIndirectInputEvents = YES;
				INFOPLIST_KEY_UILaunchStoryboardName = LaunchScreen;
				INFOPLIST_KEY_UISupportedInterfaceOrientations_iPad = "UIInterfaceOrientationPortrait UIInterfaceOrientationPortraitUpsideDown UIInterfaceOrientationLandscapeLeft UIInterfaceOrientationLandscapeRight";
				INFOPLIST_KEY_UISupportedInterfaceOrientations_iPhone = "UIInterfaceOrientationPortrait UIInterfaceOrientationLandscapeLeft UIInterfaceOrientationLandscapeRight";
				IPHONEOS_DEPLOYMENT_TARGET = 14.0;
				LD_RUNPATH_SEARCH_PATHS = (
					"$(inherited)",
					"@executable_path/Frameworks",
				);
				MARKETING_VERSION = 1.0;
				PRODUCT_BUNDLE_IDENTIFIER = com.mrhoo.IntensiveClass;
				PRODUCT_NAME = "$(TARGET_NAME)";
				SWIFT_ACTIVE_COMPILATION_CONDITIONS = "DEBUG DEVELOPMENT";
				SWIFT_EMIT_LOC_STRINGS = YES;
				SWIFT_VERSION = 5.0;
				TARGETED_DEVICE_FAMILY = "1,2";
			};
			name = "Development Release";
		};
/* End XCBuildConfiguration section */

/* Begin XCConfigurationList section */
		DB65F28128BDFF3400218041 /* Build configuration list for PBXProject "IntensiveClass" */ = {
			isa = XCConfigurationList;
			buildConfigurations = (
				DB65F29828BDFF3700218041 /* Development Debug */,
				DB2AE83029124E79002061A8 /* Staging Debug */,
				DB65F29928BDFF3700218041 /* Development Release */,
				DB2AE83229124E94002061A8 /* Staging Release */,
			);
			defaultConfigurationIsVisible = 0;
			defaultConfigurationName = "Staging Release";
		};
		DB65F29A28BDFF3700218041 /* Build configuration list for PBXNativeTarget "IntensiveClass" */ = {
			isa = XCConfigurationList;
			buildConfigurations = (
				DB65F29B28BDFF3700218041 /* Development Debug */,
				DB2AE83129124E79002061A8 /* Staging Debug */,
				DB65F29C28BDFF3700218041 /* Development Release */,
				DB2AE83329124E94002061A8 /* Staging Release */,
			);
			defaultConfigurationIsVisible = 0;
			defaultConfigurationName = "Staging Release";
		};
/* End XCConfigurationList section */
	};
	rootObject = DB65F27E28BDFF3400218041 /* Project object */;
}
